
Microsoft Visual Studio Solution File, Format Version 12.00
# Visual Studio Version 17
VisualStudioVersion = 17.4.33403.182
MinimumVisualStudioVersion = 10.0.40219.1
Project("{9A19103F-16F7-4668-BE54-9A1E7A4F7556}") = "AzureADWeb", "AzureADWeb\AzureADWeb.csproj", "{CD6AFF73-43DF-410D-B1DB-BB4DBECA3165}"
EndProject
Project("{9A19103F-16F7-4668-BE54-9A1E7A4F7556}") = "AzureAdApi", "AzureAdApi\AzureAdApi.csproj", "{5B56202C-7C61-43A9-97E5-9E98501B471B}"
EndProject
Project("{FAE04EC0-301F-11D3-BF4B-00C04F79EFBC}") = "AzureADB2CWeb", "AzureADB2CWeb\AzureADB2CWeb.csproj", "{55742183-E382-43C0-B699-799F5584DB2D}"
EndProject
Global
	GlobalSection(SolutionConfigurationPlatforms) = preSolution
		Debug|Any CPU = Debug|Any CPU
		Release|Any CPU = Release|Any CPU
	EndGlobalSection
	GlobalSection(ProjectConfigurationPlatforms) = postSolution
		{CD6AFF73-43DF-410D-B1DB-BB4DBECA3165}.Debug|Any CPU.ActiveCfg = Debug|Any CPU
		{CD6AFF73-43DF-410D-B1DB-BB4DBECA3165}.Debug|Any CPU.Build.0 = Debug|Any CPU
		{CD6AFF73-43DF-410D-B1DB-BB4DBECA3165}.Release|Any CPU.ActiveCfg = Release|Any CPU
		{CD6AFF73-43DF-410D-B1DB-BB4DBECA3165}.Release|Any CPU.Build.0 = Release|Any CPU
		{5B56202C-7C61-43A9-97E5-9E98501B471B}.Debug|Any CPU.ActiveCfg = Debug|Any CPU
		{5B56202C-7C61-43A9-97E5-9E98501B471B}.Debug|Any CPU.Build.0 = Debug|Any CPU
		{5B56202C-7C61-43A9-97E5-9E98501B471B}.Release|Any CPU.ActiveCfg = Release|Any CPU
		{5B56202C-7C61-43A9-97E5-9E98501B471B}.Release|Any CPU.Build.0 = Release|Any CPU
		{55742183-E382-43C0-B699-799F5584DB2D}.Debug|Any CPU.ActiveCfg = Debug|Any CPU
		{55742183-E382-43C0-B699-799F5584DB2D}.Debug|Any CPU.Build.0 = Debug|Any CPU
		{55742183-E382-43C0-B699-799F5584DB2D}.Release|Any CPU.ActiveCfg = Release|Any CPU
		{55742183-E382-43C0-B699-799F5584DB2D}.Release|Any CPU.Build.0 = Release|Any CPU
	EndGlobalSection
	GlobalSection(SolutionProperties) = preSolution
		HideSolutionNode = FALSE
	EndGlobalSection
	GlobalSection(ExtensibilityGlobals) = postSolution
		SolutionGuid = {03D5D5D6-5E29-4A77-8B67-A10FD6E4FA12}
	EndGlobalSection
EndGlobal
